// !$*UTF8*$!
{
	archiveVersion = 1;
	classes = {
	};
	objectVersion = 77;
	objects = {

/* Begin PBXBuildFile section */
		228084BE2E9D4D14003AAEC4 /* GoogleService-Info.plist in Resources */ = {isa = PBXBuildFile; fileRef = 228084BD2E9D4D14003AAEC4 /* GoogleService-Info.plist */; };
		22CB1A152EA1476000FAE2D7 /* DotLottie in Frameworks */ = {isa = PBXBuildFile; productRef = 22CB1A142EA1476000FAE2D7 /* DotLottie */; };
		F03ED6E82FBB755500157DF9 /* FirebaseAuth in Frameworks */ = {isa = PBXBuildFile; productRef = F03ED6E72FBB755500157DF9 /* FirebaseAuth */; };
		F03ED6EA2FBB755500157DF9 /* FirebaseCore in Frameworks */ = {isa = PBXBuildFile; productRef = F03ED6E92FBB755500157DF9 /* FirebaseCore */; };
		F03ED6EC2FBB755500157DF9 /* FirebaseFirestore in Frameworks */ = {isa = PBXBuildFile; productRef = F03ED6EB2FBB755500157DF9 /* FirebaseFirestore */; };
		F08C489B2EF3041E00DC87DC /* Storage in Frameworks */ = {isa = PBXBuildFile; productRef = F08C489A2EF3041E00DC87DC /* Storage */; };
		F08C489F2EF305A500DC87DC /* Supabase in Frameworks */ = {isa = PBXBuildFile; productRef = F08C489E2EF305A500DC87DC /* Supabase */; };
		F08C48A52EF31AE500DC87DC /* Auth in Frameworks */ = {isa = PBXBuildFile; productRef = F08C48A42EF31AE500DC87DC /* Auth */; };
		F0BE20C22F6FB94800D043F5 /* SDWebImageSwiftUI in Frameworks */ = {isa = PBXBuildFile; productRef = F0BE20C12F6FB94800D043F5 /* SDWebImageSwiftUI */; };
/* End PBXBuildFile section */

/* Begin PBXContainerItemProxy section */
		2257D0F22E922166009D268F /* PBXContainerItemProxy */ = {
			isa = PBXContainerItemProxy;
			containerPortal = 2257D0DB2E922161009D268F /* Project object */;
			proxyType = 1;
			remoteGlobalIDString = 2257D0E22E922161009D268F;
			remoteInfo = Wishie;
		};
		2257D0FC2E922166009D268F /* PBXContainerItemProxy */ = {
			isa = PBXContainerItemProxy;
			containerPortal = 2257D0DB2E922161009D268F /* Project object */;
			proxyType = 1;
			remoteGlobalIDString = 2257D0E22E922161009D268F;
			remoteInfo = Wishie;
		};
/* End PBXContainerItemProxy section */

/* Begin PBXCopyFilesBuildPhase section */
		223865692E9B6F2F005928EE /* Embed Frameworks */ = {
			isa = PBXCopyFilesBuildPhase;
			buildActionMask = 2147483647;
			dstPath = "";
			dstSubfolderSpec = 10;
			files = (
			);
			name = "Embed Frameworks";
			runOnlyForDeploymentPostprocessing = 0;
		};
/* End PBXCopyFilesBuildPhase section */

/* Begin PBXFileReference section */
		2257D0E32E922161009D268F /* Wishie.app */ = {isa = PBXFileReference; explicitFileType = wrapper.application; includeInIndex = 0; path = Wishie.app; sourceTree = BUILT_PRODUCTS_DIR; };
		2257D0F12E922166009D268F /* WishieTests.xctest */ = {isa = PBXFileReference; explicitFileType = wrapper.cfbundle; includeInIndex = 0; path = WishieTests.xctest; sourceTree = BUILT_PRODUCTS_DIR; };
		2257D0FB2E922166009D268F /* WishieUITests.xctest */ = {isa = PBXFileReference; explicitFileType = wrapper.cfbundle; includeInIndex = 0; path = WishieUITests.xctest; sourceTree = BUILT_PRODUCTS_DIR; };
		228084BD2E9D4D14003AAEC4 /* GoogleService-Info.plist */ = {isa = PBXFileReference; lastKnownFileType = text.plist.xml; path = "GoogleService-Info.plist"; sourceTree = "<group>"; };
/* End PBXFileReference section */

/* Begin PBXFileSystemSynchronizedBuildFileExceptionSet section */
		2257D11C2E922B3D009D268F /* Exceptions for "Wishie" folder in "Wishie" target */ = {
			isa = PBXFileSystemSynchronizedBuildFileExceptionSet;
			membershipExceptions = (
				Info.plist,
			);
			target = 2257D0E22E922161009D268F /* Wishie */;
		};
/* End PBXFileSystemSynchronizedBuildFileExceptionSet section */

/* Begin PBXFileSystemSynchronizedRootGroup section */
		2257D0E52E922161009D268F /* Wishie */ = {
			isa = PBXFileSystemSynchronizedRootGroup;
			exceptions = (
				2257D11C2E922B3D009D268F /* Exceptions for "Wishie" folder in "Wishie" target */,
			);
			path = Wishie;
			sourceTree = "<group>";
		};
		2257D0F42E922166009D268F /* WishieTests */ = {
			isa = PBXFileSystemSynchronizedRootGroup;
			path = WishieTests;
			sourceTree = "<group>";
		};
		2257D0FE2E922166009D268F /* WishieUITests */ = {
			isa = PBXFileSystemSynchronizedRootGroup;
			path = WishieUITests;
			sourceTree = "<group>";
		};
/* End PBXFileSystemSynchronizedRootGroup section */

/* Begin PBXFrameworksBuildPhase section */
		2257D0E02E922161009D268F /* Frameworks */ = {
			isa = PBXFrameworksBuildPhase;
			buildActionMask = 2147483647;
			files = (
				F08C489F2EF305A500DC87DC /* Supabase in Frameworks */,
				F03ED6E82FBB755500157DF9 /* FirebaseAuth in Frameworks */,
				F08C48A52EF31AE500DC87DC /* Auth in Frameworks */,
				F0BE20C22F6FB94800D043F5 /* SDWebImageSwiftUI in Frameworks */,
				F03ED6EA2FBB755500157DF9 /* FirebaseCore in Frameworks */,
				F03ED6EC2FBB755500157DF9 /* FirebaseFirestore in Frameworks */,
				22CB1A152EA1476000FAE2D7 /* DotLottie in Frameworks */,
				F08C489B2EF3041E00DC87DC /* Storage in Frameworks */,
			);
			runOnlyForDeploymentPostprocessing = 0;
		};
		2257D0EE2E922166009D268F /* Frameworks */ = {
			isa = PBXFrameworksBuildPhase;
			buildActionMask = 2147483647;
			files = (
			);
			runOnlyForDeploymentPostprocessing = 0;
		};
		2257D0F82E922166009D268F /* Frameworks */ = {
			isa = PBXFrameworksBuildPhase;
			buildActionMask = 2147483647;
			files = (
			);
			runOnlyForDeploymentPostprocessing = 0;
		};
/* End PBXFrameworksBuildPhase section */

/* Begin PBXGroup section */
		22015C7F2EAFBDE6009E7E05 /* Frameworks */ = {
			isa = PBXGroup;
			children = (
			);
			name = Frameworks;
			sourceTree = "<group>";
		};
		2257D0DA2E922161009D268F = {
			isa = PBXGroup;
			children = (
				2257D0E52E922161009D268F /* Wishie */,
				2257D0F42E922166009D268F /* WishieTests */,
				2257D0FE2E922166009D268F /* WishieUITests */,
				2257D0E42E922161009D268F /* Products */,
				228084BD2E9D4D14003AAEC4 /* GoogleService-Info.plist */,
				22015C7F2EAFBDE6009E7E05 /* Frameworks */,
			);
			sourceTree = "<group>";
		};
		2257D0E42E922161009D268F /* Products */ = {
			isa = PBXGroup;
			children = (
				2257D0E32E922161009D268F /* Wishie.app */,
				2257D0F12E922166009D268F /* WishieTests.xctest */,
				2257D0FB2E922166009D268F /* WishieUITests.xctest */,
			);
			name = Products;
			sourceTree = "<group>";
		};
/* End PBXGroup section */

/* Begin PBXNativeTarget section */
		2257D0E22E922161009D268F /* Wishie */ = {
			isa = PBXNativeTarget;
			buildConfigurationList = 2257D1052E922166009D268F /* Build configuration list for PBXNativeTarget "Wishie" */;
			buildPhases = (
				2257D0DF2E922161009D268F /* Sources */,
				2257D0E02E922161009D268F /* Frameworks */,
				2257D0E12E922161009D268F /* Resources */,
				223865692E9B6F2F005928EE /* Embed Frameworks */,
			);
			buildRules = (
			);
			dependencies = (
			);
			fileSystemSynchronizedGroups = (
				2257D0E52E922161009D268F /* Wishie */,
			);
			name = Wishie;
			packageProductDependencies = (
				22CB1A142EA1476000FAE2D7 /* DotLottie */,
				F08C489A2EF3041E00DC87DC /* Storage */,
				F08C489E2EF305A500DC87DC /* Supabase */,
				F08C48A42EF31AE500DC87DC /* Auth */,
				F0BE20C12F6FB94800D043F5 /* SDWebImageSwiftUI */,
				F03ED6E72FBB755500157DF9 /* FirebaseAuth */,
				F03ED6E92FBB755500157DF9 /* FirebaseCore */,
				F03ED6EB2FBB755500157DF9 /* FirebaseFirestore */,
			);
			productName = Wishie;
			productReference = 2257D0E32E922161009D268F /* Wishie.app */;
			productType = "com.apple.product-type.application";
		};
		2257D0F02E922166009D268F /* WishieTests */ = {
			isa = PBXNativeTarget;
			buildConfigurationList = 2257D1082E922166009D268F /* Build configuration list for PBXNativeTarget "WishieTests" */;
			buildPhases = (
				2257D0ED2E922166009D268F /* Sources */,
				2257D0EE2E922166009D268F /* Frameworks */,
				2257D0EF2E922166009D268F /* Resources */,
			);
			buildRules = (
			);
			dependencies = (
				2257D0F32E922166009D268F /* PBXTargetDependency */,
			);
			fileSystemSynchronizedGroups = (
				2257D0F42E922166009D268F /* WishieTests */,
			);
			name = WishieTests;
			packageProductDependencies = (
			);
			productName = WishieTests;
			productReference = 2257D0F12E922166009D268F /* WishieTests.xctest */;
			productType = "com.apple.product-type.bundle.unit-test";
		};
		2257D0FA2E922166009D268F /* WishieUITests */ = {
			isa = PBXNativeTarget;
			buildConfigurationList = 2257D10B2E922166009D268F /* Build configuration list for PBXNativeTarget "WishieUITests" */;
			buildPhases = (
				2257D0F72E922166009D268F /* Sources */,
				2257D0F82E922166009D268F /* Frameworks */,
				2257D0F92E922166009D268F /* Resources */,
			);
			buildRules = (
			);
			dependencies = (
				2257D0FD2E922166009D268F /* PBXTargetDependency */,
			);
			fileSystemSynchronizedGroups = (
				2257D0FE2E922166009D268F /* WishieUITests */,
			);
			name = WishieUITests;
			packageProductDependencies = (
			);
			productName = WishieUITests;
			productReference = 2257D0FB2E922166009D268F /* WishieUITests.xctest */;
			productType = "com.apple.product-type.bundle.ui-testing";
		};
/* End PBXNativeTarget section */

/* Begin PBXProject section */
		2257D0DB2E922161009D268F /* Project object */ = {
			isa = PBXProject;
			attributes = {
				BuildIndependentTargetsInParallel = 1;
				LastSwiftUpdateCheck = 1640;
				LastUpgradeCheck = 1640;
				TargetAttributes = {
					2257D0E22E922161009D268F = {
						CreatedOnToolsVersion = 16.4;
					};
					2257D0F02E922166009D268F = {
						CreatedOnToolsVersion = 16.4;
						TestTargetID = 2257D0E22E922161009D268F;
					};
					2257D0FA2E922166009D268F = {
						CreatedOnToolsVersion = 16.4;
						TestTargetID = 2257D0E22E922161009D268F;
					};
				};
			};
			buildConfigurationList = 2257D0DE2E922161009D268F /* Build configuration list for PBXProject "Wishie" */;
			developmentRegion = en;
			hasScannedForEncodings = 0;
			knownRegions = (
				en,
				Base,
			);
			mainGroup = 2257D0DA2E922161009D268F;
			minimizedProjectReferenceProxies = 1;
			packageReferences = (
				22CB1A132EA1476000FAE2D7 /* XCRemoteSwiftPackageReference "dotlottie-ios" */,
				F08C48992EF3041E00DC87DC /* XCRemoteSwiftPackageReference "supabase-swift" */,
				F0BE20C02F6FB94800D043F5 /* XCRemoteSwiftPackageReference "SDWebImageSwiftUI" */,
				F03ED6E62FBB755500157DF9 /* XCRemoteSwiftPackageReference "firebase-ios-sdk" */,
			);
			preferredProjectObjectVersion = 77;
			productRefGroup = 2257D0E42E922161009D268F /* Products */;
			projectDirPath = "";
			projectRoot = "";
			targets = (
				2257D0E22E922161009D268F /* Wishie */,
				2257D0F02E922166009D268F /* WishieTests */,
				2257D0FA2E922166009D268F /* WishieUITests */,
			);
		};
/* End PBXProject section */

/* Begin PBXResourcesBuildPhase section */
		2257D0E12E922161009D268F /* Resources */ = {
			isa = PBXResourcesBuildPhase;
			buildActionMask = 2147483647;
			files = (
				228084BE2E9D4D14003AAEC4 /* GoogleService-Info.plist in Resources */,
			);
			runOnlyForDeploymentPostprocessing = 0;
		};
		2257D0EF2E922166009D268F /* Resources */ = {
			isa = PBXResourcesBuildPhase;
			buildActionMask = 2147483647;
			files = (
			);
			runOnlyForDeploymentPostprocessing = 0;
		};
		2257D0F92E922166009D268F /* Resources */ = {
			isa = PBXResourcesBuildPhase;
			buildActionMask = 2147483647;
			files = (
			);
			runOnlyForDeploymentPostprocessing = 0;
		};
/* End PBXResourcesBuildPhase section */

/* Begin PBXSourcesBuildPhase section */
		2257D0DF2E922161009D268F /* Sources */ = {
			isa = PBXSourcesBuildPhase;
			buildActionMask = 2147483647;
			files = (
			);
			runOnlyForDeploymentPostprocessing = 0;
		};
		2257D0ED2E922166009D268F /* Sources */ = {
			isa = PBXSourcesBuildPhase;
			buildActionMask = 2147483647;
			files = (
			);
			runOnlyForDeploymentPostprocessing = 0;
		};
		2257D0F72E922166009D268F /* Sources */ = {
			isa = PBXSourcesBuildPhase;
			buildActionMask = 2147483647;
			files = (
			);
			runOnlyForDeploymentPostprocessing = 0;
		};
/* End PBXSourcesBuildPhase section */

/* Begin PBXTargetDependency section */
		2257D0F32E922166009D268F /* PBXTargetDependency */ = {
			isa = PBXTargetDependency;
			target = 2257D0E22E922161009D268F /* Wishie */;
			targetProxy = 2257D0F22E922166009D268F /* PBXContainerItemProxy */;
		};
		2257D0FD2E922166009D268F /* PBXTargetDependency */ = {
			isa = PBXTargetDependency;
			target = 2257D0E22E922161009D268F /* Wishie */;
			targetProxy = 2257D0FC2E922166009D268F /* PBXContainerItemProxy */;
		};
/* End PBXTargetDependency section */

/* Begin XCBuildConfiguration section */
		2257D1032E922166009D268F /* Debug */ = {
			isa = XCBuildConfiguration;
			buildSettings = {
				ALWAYS_SEARCH_USER_PATHS = NO;
				ASSETCATALOG_COMPILER_GENERATE_SWIFT_ASSET_SYMBOL_EXTENSIONS = YES;
				CLANG_ANALYZER_NONNULL = YES;
				CLANG_ANALYZER_NUMBER_OBJECT_CONVERSION = YES_AGGRESSIVE;
				CLANG_CXX_LANGUAGE_STANDARD = "gnu++20";
				CLANG_ENABLE_MODULES = YES;
				CLANG_ENABLE_OBJC_ARC = YES;
				CLANG_ENABLE_OBJC_WEAK = YES;
				CLANG_WARN_BLOCK_CAPTURE_AUTORELEASING = YES;
				CLANG_WARN_BOOL_CONVERSION = YES;
				CLANG_WARN_COMMA = YES;
				CLANG_WARN_CONSTANT_CONVERSION = YES;
				CLANG_WARN_DEPRECATED_OBJC_IMPLEMENTATIONS = YES;
				CLANG_WARN_DIRECT_OBJC_ISA_USAGE = YES_ERROR;
				CLANG_WARN_DOCUMENTATION_COMMENTS = YES;
				CLANG_WARN_EMPTY_BODY = YES;
				CLANG_WARN_ENUM_CONVERSION = YES;
				CLANG_WARN_INFINITE_RECURSION = YES;
				CLANG_WARN_INT_CONVERSION = YES;
				CLANG_WARN_NON_LITERAL_NULL_CONVERSION = YES;
				CLANG_WARN_OBJC_IMPLICIT_RETAIN_SELF = YES;
				CLANG_WARN_OBJC_LITERAL_CONVERSION = YES;
				CLANG_WARN_OBJC_ROOT_CLASS = YES_ERROR;
				CLANG_WARN_QUOTED_INCLUDE_IN_FRAMEWORK_HEADER = YES;
				CLANG_WARN_RANGE_LOOP_ANALYSIS = YES;
				CLANG_WARN_STRICT_PROTOTYPES = YES;
				CLANG_WARN_SUSPICIOUS_MOVE = YES;
				CLANG_WARN_UNGUARDED_AVAILABILITY = YES_AGGRESSIVE;
				CLANG_WARN_UNREACHABLE_CODE = YES;
				CLANG_WARN__DUPLICATE_METHOD_MATCH = YES;
				COPY_PHASE_STRIP = NO;
				DEBUG_INFORMATION_FORMAT = dwarf;
				DEVELOPMENT_TEAM = 29N547R43F;
				ENABLE_STRICT_OBJC_MSGSEND = YES;
				ENABLE_TESTABILITY = YES;
				ENABLE_USER_SCRIPT_SANDBOXING = YES;
				GCC_C_LANGUAGE_STANDARD = gnu17;
				GCC_DYNAMIC_NO_PIC = NO;
				GCC_NO_COMMON_BLOCKS = YES;
				GCC_OPTIMIZATION_LEVEL = 0;
				GCC_PREPROCESSOR_DEFINITIONS = (
					"DEBUG=1",
					"$(inherited)",
				);
				GCC_WARN_64_TO_32_BIT_CONVERSION = YES;
				GCC_WARN_ABOUT_RETURN_TYPE = YES_ERROR;
				GCC_WARN_UNDECLARED_SELECTOR = YES;
				GCC_WARN_UNINITIALIZED_AUTOS = YES_AGGRESSIVE;
				GCC_WARN_UNUSED_FUNCTION = YES;
				GCC_WARN_UNUSED_VARIABLE = YES;
				LOCALIZATION_PREFERS_STRING_CATALOGS = YES;
				MTL_ENABLE_DEBUG_INFO = INCLUDE_SOURCE;
				MTL_FAST_MATH = YES;
				ONLY_ACTIVE_ARCH = YES;
				SWIFT_ACTIVE_COMPILATION_CONDITIONS = "DEBUG $(inherited)";
				SWIFT_OPTIMIZATION_LEVEL = "-Onone";
			};
			name = Debug;
		};
		2257D1042E922166009D268F /* Release */ = {
			isa = XCBuildConfiguration;
			buildSettings = {
				ALWAYS_SEARCH_USER_PATHS = NO;
				ASSETCATALOG_COMPILER_GENERATE_SWIFT_ASSET_SYMBOL_EXTENSIONS = YES;
				CLANG_ANALYZER_NONNULL = YES;
				CLANG_ANALYZER_NUMBER_OBJECT_CONVERSION = YES_AGGRESSIVE;
				CLANG_CXX_LANGUAGE_STANDARD = "gnu++20";
				CLANG_ENABLE_MODULES = YES;
				CLANG_ENABLE_OBJC_ARC = YES;
				CLANG_ENABLE_OBJC_WEAK = YES;
				CLANG_WARN_BLOCK_CAPTURE_AUTORELEASING = YES;
				CLANG_WARN_BOOL_CONVERSION = YES;
				CLANG_WARN_COMMA = YES;
				CLANG_WARN_CONSTANT_CONVERSION = YES;
				CLANG_WARN_DEPRECATED_OBJC_IMPLEMENTATIONS = YES;
				CLANG_WARN_DIRECT_OBJC_ISA_USAGE = YES_ERROR;
				CLANG_WARN_DOCUMENTATION_COMMENTS = YES;
				CLANG_WARN_EMPTY_BODY = YES;
				CLANG_WARN_ENUM_CONVERSION = YES;
				CLANG_WARN_INFINITE_RECURSION = YES;
				CLANG_WARN_INT_CONVERSION = YES;
				CLANG_WARN_NON_LITERAL_NULL_CONVERSION = YES;
				CLANG_WARN_OBJC_IMPLICIT_RETAIN_SELF = YES;
				CLANG_WARN_OBJC_LITERAL_CONVERSION = YES;
				CLANG_WARN_OBJC_ROOT_CLASS = YES_ERROR;
				CLANG_WARN_QUOTED_INCLUDE_IN_FRAMEWORK_HEADER = YES;
				CLANG_WARN_RANGE_LOOP_ANALYSIS = YES;
				CLANG_WARN_STRICT_PROTOTYPES = YES;
				CLANG_WARN_SUSPICIOUS_MOVE = YES;
				CLANG_WARN_UNGUARDED_AVAILABILITY = YES_AGGRESSIVE;
				CLANG_WARN_UNREACHABLE_CODE = YES;
				CLANG_WARN__DUPLICATE_METHOD_MATCH = YES;
				COPY_PHASE_STRIP = NO;
				DEBUG_INFORMATION_FORMAT = "dwarf-with-dsym";
				DEVELOPMENT_TEAM = 29N547R43F;
				ENABLE_NS_ASSERTIONS = NO;
				ENABLE_STRICT_OBJC_MSGSEND = YES;
				ENABLE_USER_SCRIPT_SANDBOXING = YES;
				GCC_C_LANGUAGE_STANDARD = gnu17;
				GCC_NO_COMMON_BLOCKS = YES;
				GCC_WARN_64_TO_32_BIT_CONVERSION = YES;
				GCC_WARN_ABOUT_RETURN_TYPE = YES_ERROR;
				GCC_WARN_UNDECLARED_SELECTOR = YES;
				GCC_WARN_UNINITIALIZED_AUTOS = YES_AGGRESSIVE;
				GCC_WARN_UNUSED_FUNCTION = YES;
				GCC_WARN_UNUSED_VARIABLE = YES;
				LOCALIZATION_PREFERS_STRING_CATALOGS = YES;
				MTL_ENABLE_DEBUG_INFO = NO;
				MTL_FAST_MATH = YES;
				SWIFT_COMPILATION_MODE = wholemodule;
			};
			name = Release;
		};
		2257D1062E922166009D268F /* Debug */ = {
			isa = XCBuildConfiguration;
			buildSettings = {
				ASSETCATALOG_COMPILER_APPICON_NAME = AppIcon;
				ASSETCATALOG_COMPILER_GLOBAL_ACCENT_COLOR_NAME = AccentColor;
				CODE_SIGN_ENTITLEMENTS = Wishie/Wishie.entitlements;
				CODE_SIGN_STYLE = Automatic;
				CURRENT_PROJECT_VERSION = 1;
				DEVELOPMENT_TEAM = 8QPXDS5LYT;
				ENABLE_HARDENED_RUNTIME = YES;
				ENABLE_PREVIEWS = YES;
				GENERATE_INFOPLIST_FILE = YES;
				INFOPLIST_FILE = Wishie/Info.plist;
				INFOPLIST_KEY_LSApplicationCategoryType = "public.app-category.social-networking";
				INFOPLIST_KEY_NSCameraUsageDescription = "Wishie need your camera permission to scan Qr";
				INFOPLIST_KEY_NSPhotoLibraryUsageDescription = "Wishie need access to your photos to add an image to wishlist items.";
				"INFOPLIST_KEY_UIApplicationSceneManifest_Generation[sdk=iphoneos*]" = YES;
				"INFOPLIST_KEY_UIApplicationSceneManifest_Generation[sdk=iphonesimulator*]" = YES;
				"INFOPLIST_KEY_UIApplicationSupportsIndirectInputEvents[sdk=iphoneos*]" = YES;
				"INFOPLIST_KEY_UIApplicationSupportsIndirectInputEvents[sdk=iphonesimulator*]" = YES;
				"INFOPLIST_KEY_UILaunchScreen_Generation[sdk=iphoneos*]" = YES;
				"INFOPLIST_KEY_UILaunchScreen_Generation[sdk=iphonesimulator*]" = YES;
				"INFOPLIST_KEY_UIStatusBarStyle[sdk=iphoneos*]" = UIStatusBarStyleDefault;
				"INFOPLIST_KEY_UIStatusBarStyle[sdk=iphonesimulator*]" = UIStatusBarStyleDefault;
				INFOPLIST_KEY_UISupportedInterfaceOrientations = UIInterfaceOrientationPortrait;
				INFOPLIST_KEY_UISupportedInterfaceOrientations_iPad = "UIInterfaceOrientationLandscapeLeft UIInterfaceOrientationLandscapeRight UIInterfaceOrientationPortrait UIInterfaceOrientationPortraitUpsideDown";
				IPHONEOS_DEPLOYMENT_TARGET = 18.5;
				LD_RUNPATH_SEARCH_PATHS = "@executable_path/Frameworks";
				"LD_RUNPATH_SEARCH_PATHS[sdk=macosx*]" = "@executable_path/../Frameworks";
				MACOSX_DEPLOYMENT_TARGET = 15.3;
				MARKETING_VERSION = 1.0;
				PRODUCT_BUNDLE_IDENTIFIER = com.khangnguyen.Wishie;
				PRODUCT_NAME = "$(TARGET_NAME)";
				REGISTER_APP_GROUPS = YES;
				SDKROOT = auto;
				SUPPORTED_PLATFORMS = "iphoneos iphonesimulator";
				SUPPORTS_MACCATALYST = NO;
				SWIFT_EMIT_LOC_STRINGS = YES;
				SWIFT_VERSION = 5.0;
				TARGETED_DEVICE_FAMILY = "1,2";
				XROS_DEPLOYMENT_TARGET = 2.5;
			};
			name = Debug;
		};
		2257D1072E922166009D268F /* Release */ = {
			isa = XCBuildConfiguration;
			buildSettings = {
				ASSETCATALOG_COMPILER_APPICON_NAME = AppIcon;
				ASSETCATALOG_COMPILER_GLOBAL_ACCENT_COLOR_NAME = AccentColor;
				CODE_SIGN_ENTITLEMENTS = Wishie/Wishie.entitlements;
				CODE_SIGN_STYLE = Automatic;
				CURRENT_PROJECT_VERSION = 1;
				DEVELOPMENT_TEAM = 8QPXDS5LYT;
				ENABLE_HARDENED_RUNTIME = YES;
				ENABLE_PREVIEWS = YES;
				GENERATE_INFOPLIST_FILE = YES;
				INFOPLIST_FILE = Wishie/Info.plist;
				INFOPLIST_KEY_LSApplicationCategoryType = "public.app-category.social-networking";
				INFOPLIST_KEY_NSCameraUsageDescription = "Wishie need your camera permission to scan Qr";
				INFOPLIST_KEY_NSPhotoLibraryUsageDescription = "Wishie need access to your photos to add an image to wishlist items.";
				"INFOPLIST_KEY_UIApplicationSceneManifest_Generation[sdk=iphoneos*]" = YES;
				"INFOPLIST_KEY_UIApplicationSceneManifest_Generation[sdk=iphonesimulator*]" = YES;
				"INFOPLIST_KEY_UIApplicationSupportsIndirectInputEvents[sdk=iphoneos*]" = YES;
				"INFOPLIST_KEY_UIApplicationSupportsIndirectInputEvents[sdk=iphonesimulator*]" = YES;
				"INFOPLIST_KEY_UILaunchScreen_Generation[sdk=iphoneos*]" = YES;
				"INFOPLIST_KEY_UILaunchScreen_Generation[sdk=iphonesimulator*]" = YES;
				"INFOPLIST_KEY_UIStatusBarStyle[sdk=iphoneos*]" = UIStatusBarStyleDefault;
				"INFOPLIST_KEY_UIStatusBarStyle[sdk=iphonesimulator*]" = UIStatusBarStyleDefault;
				INFOPLIST_KEY_UISupportedInterfaceOrientations = UIInterfaceOrientationPortrait;
				INFOPLIST_KEY_UISupportedInterfaceOrientations_iPad = "UIInterfaceOrientationLandscapeLeft UIInterfaceOrientationLandscapeRight UIInterfaceOrientationPortrait UIInterfaceOrientationPortraitUpsideDown";
				IPHONEOS_DEPLOYMENT_TARGET = 18.5;
				LD_RUNPATH_SEARCH_PATHS = "@executable_path/Frameworks";
				"LD_RUNPATH_SEARCH_PATHS[sdk=macosx*]" = "@executable_path/../Frameworks";
				MACOSX_DEPLOYMENT_TARGET = 15.3;
				MARKETING_VERSION = 1.0;
				PRODUCT_BUNDLE_IDENTIFIER = com.khangnguyen.Wishie;
				PRODUCT_NAME = "$(TARGET_NAME)";
				REGISTER_APP_GROUPS = YES;
				SDKROOT = auto;
				SUPPORTED_PLATFORMS = "iphoneos iphonesimulator";
				SUPPORTS_MACCATALYST = NO;
				SWIFT_EMIT_LOC_STRINGS = YES;
				SWIFT_VERSION = 5.0;
				TARGETED_DEVICE_FAMILY = "1,2";
				XROS_DEPLOYMENT_TARGET = 2.5;
			};
			name = Release;
		};
		2257D1092E922166009D268F /* Debug */ = {
			isa = XCBuildConfiguration;
			buildSettings = {
				BUNDLE_LOADER = "$(TEST_HOST)";
				CODE_SIGN_STYLE = Automatic;
				CURRENT_PROJECT_VERSION = 1;
				DEVELOPMENT_TEAM = 29N547R43F;
				GENERATE_INFOPLIST_FILE = YES;
				IPHONEOS_DEPLOYMENT_TARGET = 18.5;
				MACOSX_DEPLOYMENT_TARGET = 15.3;
				MARKETING_VERSION = 1.0;
				PRODUCT_BUNDLE_IDENTIFIER = com.khangnguyen.WishieTests;
				PRODUCT_NAME = "$(TARGET_NAME)";
				SDKROOT = auto;
				SUPPORTED_PLATFORMS = "iphoneos iphonesimulator macosx xros xrsimulator";
				SWIFT_EMIT_LOC_STRINGS = NO;
				SWIFT_VERSION = 5.0;
				TARGETED_DEVICE_FAMILY = "1,2,7";
				TEST_HOST = "$(BUILT_PRODUCTS_DIR)/Wishie.app/$(BUNDLE_EXECUTABLE_FOLDER_PATH)/Wishie";
				XROS_DEPLOYMENT_TARGET = 2.5;
			};
			name = Debug;
		};
		2257D10A2E922166009D268F /* Release */ = {
			isa = XCBuildConfiguration;
			buildSettings = {
				BUNDLE_LOADER = "$(TEST_HOST)";
				CODE_SIGN_STYLE = Automatic;
				CURRENT_PROJECT_VERSION = 1;
				DEVELOPMENT_TEAM = 29N547R43F;
				GENERATE_INFOPLIST_FILE = YES;
				IPHONEOS_DEPLOYMENT_TARGET = 18.5;
				MACOSX_DEPLOYMENT_TARGET = 15.3;
				MARKETING_VERSION = 1.0;
				PRODUCT_BUNDLE_IDENTIFIER = com.khangnguyen.WishieTests;
				PRODUCT_NAME = "$(TARGET_NAME)";
				SDKROOT = auto;
				SUPPORTED_PLATFORMS = "iphoneos iphonesimulator macosx xros xrsimulator";
				SWIFT_EMIT_LOC_STRINGS = NO;
				SWIFT_VERSION = 5.0;
				TARGETED_DEVICE_FAMILY = "1,2,7";
				TEST_HOST = "$(BUILT_PRODUCTS_DIR)/Wishie.app/$(BUNDLE_EXECUTABLE_FOLDER_PATH)/Wishie";
				XROS_DEPLOYMENT_TARGET = 2.5;
			};
			name = Release;
		};
		2257D10C2E922166009D268F /* Debug */ = {
			isa = XCBuildConfiguration;
			buildSettings = {
				CODE_SIGN_STYLE = Automatic;
				CURRENT_PROJECT_VERSION = 1;
				DEVELOPMENT_TEAM = 29N547R43F;
				GENERATE_INFOPLIST_FILE = YES;
				IPHONEOS_DEPLOYMENT_TARGET = 18.5;
				MACOSX_DEPLOYMENT_TARGET = 15.3;
				MARKETING_VERSION = 1.0;
				PRODUCT_BUNDLE_IDENTIFIER = com.khangnguyen.WishieUITests;
				PRODUCT_NAME = "$(TARGET_NAME)";
				SDKROOT = auto;
				SUPPORTED_PLATFORMS = "iphoneos iphonesimulator macosx xros xrsimulator";
				SWIFT_EMIT_LOC_STRINGS = NO;
				SWIFT_VERSION = 5.0;
				TARGETED_DEVICE_FAMILY = "1,2,7";
				TEST_TARGET_NAME = Wishie;
				XROS_DEPLOYMENT_TARGET = 2.5;
			};
			name = Debug;
		};
		2257D10D2E922166009D268F /* Release */ = {
			isa = XCBuildConfiguration;
			buildSettings = {
				CODE_SIGN_STYLE = Automatic;
				CURRENT_PROJECT_VERSION = 1;
				DEVELOPMENT_TEAM = 29N547R43F;
				GENERATE_INFOPLIST_FILE = YES;
				IPHONEOS_DEPLOYMENT_TARGET = 18.5;
				MACOSX_DEPLOYMENT_TARGET = 15.3;
				MARKETING_VERSION = 1.0;
				PRODUCT_BUNDLE_IDENTIFIER = com.khangnguyen.WishieUITests;
				PRODUCT_NAME = "$(TARGET_NAME)";
				SDKROOT = auto;
				SUPPORTED_PLATFORMS = "iphoneos iphonesimulator macosx xros xrsimulator";
				SWIFT_EMIT_LOC_STRINGS = NO;
				SWIFT_VERSION = 5.0;
				TARGETED_DEVICE_FAMILY = "1,2,7";
				TEST_TARGET_NAME = Wishie;
				XROS_DEPLOYMENT_TARGET = 2.5;
			};
			name = Release;
		};
/* End XCBuildConfiguration section */

/* Begin XCConfigurationList section */
		2257D0DE2E922161009D268F /* Build configuration list for PBXProject "Wishie" */ = {
			isa = XCConfigurationList;
			buildConfigurations = (
				2257D1032E922166009D268F /* Debug */,
				2257D1042E922166009D268F /* Release */,
			);
			defaultConfigurationIsVisible = 0;
			defaultConfigurationName = Release;
		};
		2257D1052E922166009D268F /* Build configuration list for PBXNativeTarget "Wishie" */ = {
			isa = XCConfigurationList;
			buildConfigurations = (
				2257D1062E922166009D268F /* Debug */,
				2257D1072E922166009D268F /* Release */,
			);
			defaultConfigurationIsVisible = 0;
			defaultConfigurationName = Release;
		};
		2257D1082E922166009D268F /* Build configuration list for PBXNativeTarget "WishieTests" */ = {
			isa = XCConfigurationList;
			buildConfigurations = (
				2257D1092E922166009D268F /* Debug */,
				2257D10A2E922166009D268F /* Release */,
			);
			defaultConfigurationIsVisible = 0;
			defaultConfigurationName = Release;
		};
		2257D10B2E922166009D268F /* Build configuration list for PBXNativeTarget "WishieUITests" */ = {
			isa = XCConfigurationList;
			buildConfigurations = (
				2257D10C2E922166009D268F /* Debug */,
				2257D10D2E922166009D268F /* Release */,
			);
			defaultConfigurationIsVisible = 0;
			defaultConfigurationName = Release;
		};
/* End XCConfigurationList section */

/* Begin XCRemoteSwiftPackageReference section */
		22CB1A132EA1476000FAE2D7 /* XCRemoteSwiftPackageReference "dotlottie-ios" */ = {
			isa = XCRemoteSwiftPackageReference;
			repositoryURL = "https://github.com/LottieFiles/dotlottie-ios.git";
			requirement = {
				branch = main;
				kind = branch;
			};
		};
		F03ED6E62FBB755500157DF9 /* XCRemoteSwiftPackageReference "firebase-ios-sdk" */ = {
			isa = XCRemoteSwiftPackageReference;
			repositoryURL = "https://github.com/firebase/firebase-ios-sdk";
			requirement = {
				kind = upToNextMajorVersion;
				minimumVersion = 12.13.0;
			};
		};
		F08C48992EF3041E00DC87DC /* XCRemoteSwiftPackageReference "supabase-swift" */ = {
			isa = XCRemoteSwiftPackageReference;
			repositoryURL = "https://github.com/supabase-community/supabase-swift";
			requirement = {
				kind = upToNextMajorVersion;
				minimumVersion = 2.5.1;
			};
		};
		F0BE20C02F6FB94800D043F5 /* XCRemoteSwiftPackageReference "SDWebImageSwiftUI" */ = {
			isa = XCRemoteSwiftPackageReference;
			repositoryURL = "https://github.com/SDWebImage/SDWebImageSwiftUI.git";
			requirement = {
				kind = upToNextMajorVersion;
				minimumVersion = 3.1.4;
			};
		};
/* End XCRemoteSwiftPackageReference section */

/* Begin XCSwiftPackageProductDependency section */
		22CB1A142EA1476000FAE2D7 /* DotLottie */ = {
			isa = XCSwiftPackageProductDependency;
			package = 22CB1A132EA1476000FAE2D7 /* XCRemoteSwiftPackageReference "dotlottie-ios" */;
			productName = DotLottie;
		};
		F03ED6E72FBB755500157DF9 /* FirebaseAuth */ = {
			isa = XCSwiftPackageProductDependency;
			package = F03ED6E62FBB755500157DF9 /* XCRemoteSwiftPackageReference "firebase-ios-sdk" */;
			productName = FirebaseAuth;
		};
		F03ED6E92FBB755500157DF9 /* FirebaseCore */ = {
			isa = XCSwiftPackageProductDependency;
			package = F03ED6E62FBB755500157DF9 /* XCRemoteSwiftPackageReference "firebase-ios-sdk" */;
			productName = FirebaseCore;
		};
		F03ED6EB2FBB755500157DF9 /* FirebaseFirestore */ = {
			isa = XCSwiftPackageProductDependency;
			package = F03ED6E62FBB755500157DF9 /* XCRemoteSwiftPackageReference "firebase-ios-sdk" */;
			productName = FirebaseFirestore;
		};
		F08C489A2EF3041E00DC87DC /* Storage */ = {
			isa = XCSwiftPackageProductDependency;
			package = F08C48992EF3041E00DC87DC /* XCRemoteSwiftPackageReference "supabase-swift" */;
			productName = Storage;
		};
		F08C489E2EF305A500DC87DC /* Supabase */ = {
			isa = XCSwiftPackageProductDependency;
			package = F08C48992EF3041E00DC87DC /* XCRemoteSwiftPackageReference "supabase-swift" */;
			productName = Supabase;
		};
		F08C48A42EF31AE500DC87DC /* Auth */ = {
			isa = XCSwiftPackageProductDependency;
			package = F08C48992EF3041E00DC87DC /* XCRemoteSwiftPackageReference "supabase-swift" */;
			productName = Auth;
		};
		F0BE20C12F6FB94800D043F5 /* SDWebImageSwiftUI */ = {
			isa = XCSwiftPackageProductDependency;
			package = F0BE20C02F6FB94800D043F5 /* XCRemoteSwiftPackageReference "SDWebImageSwiftUI" */;
			productName = SDWebImageSwiftUI;
		};
/* End XCSwiftPackageProductDependency section */
	};
	rootObject = 2257D0DB2E922161009D268F /* Project object */;
}
